
Microsoft Visual Studio Solution File, Format Version 12.00
# Visual Studio 15
VisualStudioVersion = 15.0.27428.2037
MinimumVisualStudioVersion = 10.0.40219.1
Project("{FAE04EC0-301F-11D3-BF4B-00C04F79EFBC}") = "TwitterFunciton", "TwitterFunction\TwitterFunction.csproj", "{0C96755D-56DC-4F54-B1C7-946DD6F5C5F1}"
EndProject
Global
	GlobalSection(SolutionConfigurationPlatforms) = preSolution
		Debug|Any CPU = Debug|Any CPU
		Release|Any CPU = Release|Any CPU
	EndGlobalSection
	GlobalSection(ProjectConfigurationPlatforms) = postSolution
		{0C96755D-56DC-4F54-B1C7-946DD6F5C5F1}.Debug|Any CPU.ActiveCfg = Debug|Any CPU
		{0C96755D-56DC-4F54-B1C7-946DD6F5C5F1}.Debug|Any CPU.Build.0 = Debug|Any CPU
		{0C96755D-56DC-4F54-B1C7-946DD6F5C5F1}.Release|Any CPU.ActiveCfg = Release|Any CPU
		{0C96755D-56DC-4F54-B1C7-946DD6F5C5F1}.Release|Any CPU.Build.0 = Release|Any CPU
	EndGlobalSection
	GlobalSection(SolutionProperties) = preSolution
		HideSolutionNode = FALSE
	EndGlobalSection
	GlobalSection(ExtensibilityGlobals) = postSolution
		SolutionGuid = {A491956E-F3C6-4929-A311-B9FB3FFED731}
	EndGlobalSection
EndGlobal
